
Microsoft Visual Studio Solution File, Format Version 12.00
# Visual Studio Version 16
VisualStudioVersion = 16.0.30517.126
MinimumVisualStudioVersion = 10.0.40219.1
Project("{FAE04EC0-301F-11D3-BF4B-00C04F79EFBC}") = "ChessFigures", "ChessFigures\ChessFigures.csproj", "{F1C93EE7-838E-48F9-A11C-747603A78251}"
EndProject
Project("{FAE04EC0-301F-11D3-BF4B-00C04F79EFBC}") = "Max3", "Max3\Max3.csproj", "{4E408CA4-9E4D-4538-8F12-606AC3141624}"
EndProject
Project("{FAE04EC0-301F-11D3-BF4B-00C04F79EFBC}") = "Sort3", "Sort3\Sort3.csproj", "{F17A061F-5694-419C-8FD9-BD4C9519D5BC}"
EndProject
Project("{FAE04EC0-301F-11D3-BF4B-00C04F79EFBC}") = "Circle", "Circle\Circle.csproj", "{77AAFF4F-1C08-4DDB-A799-505E5AF10199}"
EndProject
Project("{FAE04EC0-301F-11D3-BF4B-00C04F79EFBC}") = "PaintingWalls", "PaintingWalls\PaintingWalls.csproj", "{8A49078D-2AB8-467F-A2A9-990700A934DA}"
EndProject
Project("{FAE04EC0-301F-11D3-BF4B-00C04F79EFBC}") = "Round", "Round\Round.csproj", "{CC70FFDD-E14C-4842-98F3-41942D19FA19}"
EndProject
Project("{FAE04EC0-301F-11D3-BF4B-00C04F79EFBC}") = "MetalRod", "MetalRod\MetalRod.csproj", "{0260B138-C0D8-46E3-B611-6EC6756FF7DE}"
EndProject
Project("{FAE04EC0-301F-11D3-BF4B-00C04F79EFBC}") = "Square3", "Square3\Square3.csproj", "{6ABAA1B9-4CD1-49E2-870B-340C559B7082}"
EndProject
Project("{FAE04EC0-301F-11D3-BF4B-00C04F79EFBC}") = "Rectangle", "Rectangle\Rectangle.csproj", "{701FE20D-8BE0-421A-8BD1-6AF9FF336E34}"
EndProject
Project("{FAE04EC0-301F-11D3-BF4B-00C04F79EFBC}") = "Inquiry", "Inquiry\Inquiry.csproj", "{E61D4FF0-5B1B-444D-9B09-CCB00B22E0DC}"
EndProject
Project("{FAE04EC0-301F-11D3-BF4B-00C04F79EFBC}") = "RealEq", "RealEq\RealEq.csproj", "{6D15A0FA-3B73-402F-B80C-6500DC82A656}"
EndProject
Project("{FAE04EC0-301F-11D3-BF4B-00C04F79EFBC}") = "EvenOrOdd", "EvenOrOdd\EvenOrOdd.csproj", "{DE7FF46B-FE7D-4E29-A5FC-12CE814FA53E}"
EndProject
Project("{FAE04EC0-301F-11D3-BF4B-00C04F79EFBC}") = "DivisibleBy35", "DivisibleBy35\DivisibleBy35.csproj", "{B4E5EC65-E32C-4646-B481-75F93155E881}"
EndProject
Project("{FAE04EC0-301F-11D3-BF4B-00C04F79EFBC}") = "ThirdDigit", "ThirdDigit\ThirdDigit.csproj", "{6B7A1466-B35C-4F2C-A66B-E2B0AB662B08}"
EndProject
Project("{FAE04EC0-301F-11D3-BF4B-00C04F79EFBC}") = "Trapezoid", "Trapezoid\Trapezoid.csproj", "{D5EC30F1-3FCE-4896-83AF-E79E26B374A3}"
EndProject
Project("{FAE04EC0-301F-11D3-BF4B-00C04F79EFBC}") = "WeightOnMoon", "WeightOnMoon\WeightOnMoon.csproj", "{87B5DF04-703B-4AB0-BD0F-24C3FBB5AEB5}"
EndProject
Project("{FAE04EC0-301F-11D3-BF4B-00C04F79EFBC}") = "InCircle", "InCircle\InCircle.csproj", "{5F6653E8-134A-461F-B313-E998E61EB87D}"
EndProject
Project("{FAE04EC0-301F-11D3-BF4B-00C04F79EFBC}") = "NotMax", "NotMax\NotMax.csproj", "{85FFE38F-9C88-4BF2-AEE3-F7E2624A6A35}"
EndProject
Global
	GlobalSection(SolutionConfigurationPlatforms) = preSolution
		Debug|Any CPU = Debug|Any CPU
		Debug|x86 = Debug|x86
		Release|Any CPU = Release|Any CPU
		Release|x86 = Release|x86
	EndGlobalSection
	GlobalSection(ProjectConfigurationPlatforms) = postSolution
		{F1C93EE7-838E-48F9-A11C-747603A78251}.Debug|Any CPU.ActiveCfg = Debug|x86
		{F1C93EE7-838E-48F9-A11C-747603A78251}.Debug|x86.ActiveCfg = Debug|x86
		{F1C93EE7-838E-48F9-A11C-747603A78251}.Debug|x86.Build.0 = Debug|x86
		{F1C93EE7-838E-48F9-A11C-747603A78251}.Release|Any CPU.ActiveCfg = Release|x86
		{F1C93EE7-838E-48F9-A11C-747603A78251}.Release|x86.ActiveCfg = Release|x86
		{F1C93EE7-838E-48F9-A11C-747603A78251}.Release|x86.Build.0 = Release|x86
		{4E408CA4-9E4D-4538-8F12-606AC3141624}.Debug|Any CPU.ActiveCfg = Debug|Any CPU
		{4E408CA4-9E4D-4538-8F12-606AC3141624}.Debug|x86.ActiveCfg = Debug|Any CPU
		{4E408CA4-9E4D-4538-8F12-606AC3141624}.Debug|x86.Build.0 = Debug|Any CPU
		{4E408CA4-9E4D-4538-8F12-606AC3141624}.Release|Any CPU.ActiveCfg = Release|Any CPU
		{4E408CA4-9E4D-4538-8F12-606AC3141624}.Release|x86.ActiveCfg = Release|Any CPU
		{4E408CA4-9E4D-4538-8F12-606AC3141624}.Release|x86.Build.0 = Release|Any CPU
		{F17A061F-5694-419C-8FD9-BD4C9519D5BC}.Debug|Any CPU.ActiveCfg = Debug|Any CPU
		{F17A061F-5694-419C-8FD9-BD4C9519D5BC}.Debug|x86.ActiveCfg = Debug|Any CPU
		{F17A061F-5694-419C-8FD9-BD4C9519D5BC}.Debug|x86.Build.0 = Debug|Any CPU
		{F17A061F-5694-419C-8FD9-BD4C9519D5BC}.Release|Any CPU.ActiveCfg = Release|Any CPU
		{F17A061F-5694-419C-8FD9-BD4C9519D5BC}.Release|x86.ActiveCfg = Release|Any CPU
		{F17A061F-5694-419C-8FD9-BD4C9519D5BC}.Release|x86.Build.0 = Release|Any CPU
		{77AAFF4F-1C08-4DDB-A799-505E5AF10199}.Debug|Any CPU.ActiveCfg = Debug|Any CPU
		{77AAFF4F-1C08-4DDB-A799-505E5AF10199}.Debug|Any CPU.Build.0 = Debug|Any CPU
		{77AAFF4F-1C08-4DDB-A799-505E5AF10199}.Debug|x86.ActiveCfg = Debug|Any CPU
		{77AAFF4F-1C08-4DDB-A799-505E5AF10199}.Debug|x86.Build.0 = Debug|Any CPU
		{77AAFF4F-1C08-4DDB-A799-505E5AF10199}.Release|Any CPU.ActiveCfg = Release|Any CPU
		{77AAFF4F-1C08-4DDB-A799-505E5AF10199}.Release|Any CPU.Build.0 = Release|Any CPU
		{77AAFF4F-1C08-4DDB-A799-505E5AF10199}.Release|x86.ActiveCfg = Release|Any CPU
		{77AAFF4F-1C08-4DDB-A799-505E5AF10199}.Release|x86.Build.0 = Release|Any CPU
		{8A49078D-2AB8-467F-A2A9-990700A934DA}.Debug|Any CPU.ActiveCfg = Debug|Any CPU
		{8A49078D-2AB8-467F-A2A9-990700A934DA}.Debug|Any CPU.Build.0 = Debug|Any CPU
		{8A49078D-2AB8-467F-A2A9-990700A934DA}.Debug|x86.ActiveCfg = Debug|Any CPU
		{8A49078D-2AB8-467F-A2A9-990700A934DA}.Debug|x86.Build.0 = Debug|Any CPU
		{8A49078D-2AB8-467F-A2A9-990700A934DA}.Release|Any CPU.ActiveCfg = Release|Any CPU
		{8A49078D-2AB8-467F-A2A9-990700A934DA}.Release|Any CPU.Build.0 = Release|Any CPU
		{8A49078D-2AB8-467F-A2A9-990700A934DA}.Release|x86.ActiveCfg = Release|Any CPU
		{8A49078D-2AB8-467F-A2A9-990700A934DA}.Release|x86.Build.0 = Release|Any CPU
		{CC70FFDD-E14C-4842-98F3-41942D19FA19}.Debug|Any CPU.ActiveCfg = Debug|Any CPU
		{CC70FFDD-E14C-4842-98F3-41942D19FA19}.Debug|Any CPU.Build.0 = Debug|Any CPU
		{CC70FFDD-E14C-4842-98F3-41942D19FA19}.Debug|x86.ActiveCfg = Debug|Any CPU
		{CC70FFDD-E14C-4842-98F3-41942D19FA19}.Debug|x86.Build.0 = Debug|Any CPU
		{CC70FFDD-E14C-4842-98F3-41942D19FA19}.Release|Any CPU.ActiveCfg = Release|Any CPU
		{CC70FFDD-E14C-4842-98F3-41942D19FA19}.Release|Any CPU.Build.0 = Release|Any CPU
		{CC70FFDD-E14C-4842-98F3-41942D19FA19}.Release|x86.ActiveCfg = Release|Any CPU
		{CC70FFDD-E14C-4842-98F3-41942D19FA19}.Release|x86.Build.0 = Release|Any CPU
		{0260B138-C0D8-46E3-B611-6EC6756FF7DE}.Debug|Any CPU.ActiveCfg = Debug|Any CPU
		{0260B138-C0D8-46E3-B611-6EC6756FF7DE}.Debug|Any CPU.Build.0 = Debug|Any CPU
		{0260B138-C0D8-46E3-B611-6EC6756FF7DE}.Debug|x86.ActiveCfg = Debug|Any CPU
		{0260B138-C0D8-46E3-B611-6EC6756FF7DE}.Debug|x86.Build.0 = Debug|Any CPU
		{0260B138-C0D8-46E3-B611-6EC6756FF7DE}.Release|Any CPU.ActiveCfg = Release|Any CPU
		{0260B138-C0D8-46E3-B611-6EC6756FF7DE}.Release|Any CPU.Build.0 = Release|Any CPU
		{0260B138-C0D8-46E3-B611-6EC6756FF7DE}.Release|x86.ActiveCfg = Release|Any CPU
		{0260B138-C0D8-46E3-B611-6EC6756FF7DE}.Release|x86.Build.0 = Release|Any CPU
		{6ABAA1B9-4CD1-49E2-870B-340C559B7082}.Debug|Any CPU.ActiveCfg = Debug|Any CPU
		{6ABAA1B9-4CD1-49E2-870B-340C559B7082}.Debug|Any CPU.Build.0 = Debug|Any CPU
		{6ABAA1B9-4CD1-49E2-870B-340C559B7082}.Debug|x86.ActiveCfg = Debug|Any CPU
		{6ABAA1B9-4CD1-49E2-870B-340C559B7082}.Debug|x86.Build.0 = Debug|Any CPU
		{6ABAA1B9-4CD1-49E2-870B-340C559B7082}.Release|Any CPU.ActiveCfg = Release|Any CPU
		{6ABAA1B9-4CD1-49E2-870B-340C559B7082}.Release|Any CPU.Build.0 = Release|Any CPU
		{6ABAA1B9-4CD1-49E2-870B-340C559B7082}.Release|x86.ActiveCfg = Release|Any CPU
		{6ABAA1B9-4CD1-49E2-870B-340C559B7082}.Release|x86.Build.0 = Release|Any CPU
		{701FE20D-8BE0-421A-8BD1-6AF9FF336E34}.Debug|Any CPU.ActiveCfg = Debug|Any CPU
		{701FE20D-8BE0-421A-8BD1-6AF9FF336E34}.Debug|Any CPU.Build.0 = Debug|Any CPU
		{701FE20D-8BE0-421A-8BD1-6AF9FF336E34}.Debug|x86.ActiveCfg = Debug|Any CPU
		{701FE20D-8BE0-421A-8BD1-6AF9FF336E34}.Debug|x86.Build.0 = Debug|Any CPU
		{701FE20D-8BE0-421A-8BD1-6AF9FF336E34}.Release|Any CPU.ActiveCfg = Release|Any CPU
		{701FE20D-8BE0-421A-8BD1-6AF9FF336E34}.Release|Any CPU.Build.0 = Release|Any CPU
		{701FE20D-8BE0-421A-8BD1-6AF9FF336E34}.Release|x86.ActiveCfg = Release|Any CPU
		{701FE20D-8BE0-421A-8BD1-6AF9FF336E34}.Release|x86.Build.0 = Release|Any CPU
		{E61D4FF0-5B1B-444D-9B09-CCB00B22E0DC}.Debug|Any CPU.ActiveCfg = Debug|Any CPU
		{E61D4FF0-5B1B-444D-9B09-CCB00B22E0DC}.Debug|Any CPU.Build.0 = Debug|Any CPU
		{E61D4FF0-5B1B-444D-9B09-CCB00B22E0DC}.Debug|x86.ActiveCfg = Debug|Any CPU
		{E61D4FF0-5B1B-444D-9B09-CCB00B22E0DC}.Debug|x86.Build.0 = Debug|Any CPU
		{E61D4FF0-5B1B-444D-9B09-CCB00B22E0DC}.Release|Any CPU.ActiveCfg = Release|Any CPU
		{E61D4FF0-5B1B-444D-9B09-CCB00B22E0DC}.Release|Any CPU.Build.0 = Release|Any CPU
		{E61D4FF0-5B1B-444D-9B09-CCB00B22E0DC}.Release|x86.ActiveCfg = Release|Any CPU
		{E61D4FF0-5B1B-444D-9B09-CCB00B22E0DC}.Release|x86.Build.0 = Release|Any CPU
		{6D15A0FA-3B73-402F-B80C-6500DC82A656}.Debug|Any CPU.ActiveCfg = Debug|Any CPU
		{6D15A0FA-3B73-402F-B80C-6500DC82A656}.Debug|Any CPU.Build.0 = Debug|Any CPU
		{6D15A0FA-3B73-402F-B80C-6500DC82A656}.Debug|x86.ActiveCfg = Debug|Any CPU
		{6D15A0FA-3B73-402F-B80C-6500DC82A656}.Debug|x86.Build.0 = Debug|Any CPU
		{6D15A0FA-3B73-402F-B80C-6500DC82A656}.Release|Any CPU.ActiveCfg = Release|Any CPU
		{6D15A0FA-3B73-402F-B80C-6500DC82A656}.Release|Any CPU.Build.0 = Release|Any CPU
		{6D15A0FA-3B73-402F-B80C-6500DC82A656}.Release|x86.ActiveCfg = Release|Any CPU
		{6D15A0FA-3B73-402F-B80C-6500DC82A656}.Release|x86.Build.0 = Release|Any CPU
		{DE7FF46B-FE7D-4E29-A5FC-12CE814FA53E}.Debug|Any CPU.ActiveCfg = Debug|Any CPU
		{DE7FF46B-FE7D-4E29-A5FC-12CE814FA53E}.Debug|Any CPU.Build.0 = Debug|Any CPU
		{DE7FF46B-FE7D-4E29-A5FC-12CE814FA53E}.Debug|x86.ActiveCfg = Debug|Any CPU
		{DE7FF46B-FE7D-4E29-A5FC-12CE814FA53E}.Debug|x86.Build.0 = Debug|Any CPU
		{DE7FF46B-FE7D-4E29-A5FC-12CE814FA53E}.Release|Any CPU.ActiveCfg = Release|Any CPU
		{DE7FF46B-FE7D-4E29-A5FC-12CE814FA53E}.Release|Any CPU.Build.0 = Release|Any CPU
		{DE7FF46B-FE7D-4E29-A5FC-12CE814FA53E}.Release|x86.ActiveCfg = Release|Any CPU
		{DE7FF46B-FE7D-4E29-A5FC-12CE814FA53E}.Release|x86.Build.0 = Release|Any CPU
		{B4E5EC65-E32C-4646-B481-75F93155E881}.Debug|Any CPU.ActiveCfg = Debug|Any CPU
		{B4E5EC65-E32C-4646-B481-75F93155E881}.Debug|Any CPU.Build.0 = Debug|Any CPU
		{B4E5EC65-E32C-4646-B481-75F93155E881}.Debug|x86.ActiveCfg = Debug|Any CPU
		{B4E5EC65-E32C-4646-B481-75F93155E881}.Debug|x86.Build.0 = Debug|Any CPU
		{B4E5EC65-E32C-4646-B481-75F93155E881}.Release|Any CPU.ActiveCfg = Release|Any CPU
		{B4E5EC65-E32C-4646-B481-75F93155E881}.Release|Any CPU.Build.0 = Release|Any CPU
		{B4E5EC65-E32C-4646-B481-75F93155E881}.Release|x86.ActiveCfg = Release|Any CPU
		{B4E5EC65-E32C-4646-B481-75F93155E881}.Release|x86.Build.0 = Release|Any CPU
		{6B7A1466-B35C-4F2C-A66B-E2B0AB662B08}.Debug|Any CPU.ActiveCfg = Debug|Any CPU
		{6B7A1466-B35C-4F2C-A66B-E2B0AB662B08}.Debug|Any CPU.Build.0 = Debug|Any CPU
		{6B7A1466-B35C-4F2C-A66B-E2B0AB662B08}.Debug|x86.ActiveCfg = Debug|Any CPU
		{6B7A1466-B35C-4F2C-A66B-E2B0AB662B08}.Debug|x86.Build.0 = Debug|Any CPU
		{6B7A1466-B35C-4F2C-A66B-E2B0AB662B08}.Release|Any CPU.ActiveCfg = Release|Any CPU
		{6B7A1466-B35C-4F2C-A66B-E2B0AB662B08}.Release|Any CPU.Build.0 = Release|Any CPU
		{6B7A1466-B35C-4F2C-A66B-E2B0AB662B08}.Release|x86.ActiveCfg = Release|Any CPU
		{6B7A1466-B35C-4F2C-A66B-E2B0AB662B08}.Release|x86.Build.0 = Release|Any CPU
		{D5EC30F1-3FCE-4896-83AF-E79E26B374A3}.Debug|Any CPU.ActiveCfg = Debug|Any CPU
		{D5EC30F1-3FCE-4896-83AF-E79E26B374A3}.Debug|Any CPU.Build.0 = Debug|Any CPU
		{D5EC30F1-3FCE-4896-83AF-E79E26B374A3}.Debug|x86.ActiveCfg = Debug|Any CPU
		{D5EC30F1-3FCE-4896-83AF-E79E26B374A3}.Debug|x86.Build.0 = Debug|Any CPU
		{D5EC30F1-3FCE-4896-83AF-E79E26B374A3}.Release|Any CPU.ActiveCfg = Release|Any CPU
		{D5EC30F1-3FCE-4896-83AF-E79E26B374A3}.Release|Any CPU.Build.0 = Release|Any CPU
		{D5EC30F1-3FCE-4896-83AF-E79E26B374A3}.Release|x86.ActiveCfg = Release|Any CPU
		{D5EC30F1-3FCE-4896-83AF-E79E26B374A3}.Release|x86.Build.0 = Release|Any CPU
		{87B5DF04-703B-4AB0-BD0F-24C3FBB5AEB5}.Debug|Any CPU.ActiveCfg = Debug|Any CPU
		{87B5DF04-703B-4AB0-BD0F-24C3FBB5AEB5}.Debug|Any CPU.Build.0 = Debug|Any CPU
		{87B5DF04-703B-4AB0-BD0F-24C3FBB5AEB5}.Debug|x86.ActiveCfg = Debug|Any CPU
		{87B5DF04-703B-4AB0-BD0F-24C3FBB5AEB5}.Debug|x86.Build.0 = Debug|Any CPU
		{87B5DF04-703B-4AB0-BD0F-24C3FBB5AEB5}.Release|Any CPU.ActiveCfg = Release|Any CPU
		{87B5DF04-703B-4AB0-BD0F-24C3FBB5AEB5}.Release|Any CPU.Build.0 = Release|Any CPU
		{87B5DF04-703B-4AB0-BD0F-24C3FBB5AEB5}.Release|x86.ActiveCfg = Release|Any CPU
		{87B5DF04-703B-4AB0-BD0F-24C3FBB5AEB5}.Release|x86.Build.0 = Release|Any CPU
		{5F6653E8-134A-461F-B313-E998E61EB87D}.Debug|Any CPU.ActiveCfg = Debug|Any CPU
		{5F6653E8-134A-461F-B313-E998E61EB87D}.Debug|Any CPU.Build.0 = Debug|Any CPU
		{5F6653E8-134A-461F-B313-E998E61EB87D}.Debug|x86.ActiveCfg = Debug|Any CPU
		{5F6653E8-134A-461F-B313-E998E61EB87D}.Debug|x86.Build.0 = Debug|Any CPU
		{5F6653E8-134A-461F-B313-E998E61EB87D}.Release|Any CPU.ActiveCfg = Release|Any CPU
		{5F6653E8-134A-461F-B313-E998E61EB87D}.Release|Any CPU.Build.0 = Release|Any CPU
		{5F6653E8-134A-461F-B313-E998E61EB87D}.Release|x86.ActiveCfg = Release|Any CPU
		{5F6653E8-134A-461F-B313-E998E61EB87D}.Release|x86.Build.0 = Release|Any CPU
		{85FFE38F-9C88-4BF2-AEE3-F7E2624A6A35}.Debug|Any CPU.ActiveCfg = Debug|Any CPU
		{85FFE38F-9C88-4BF2-AEE3-F7E2624A6A35}.Debug|Any CPU.Build.0 = Debug|Any CPU
		{85FFE38F-9C88-4BF2-AEE3-F7E2624A6A35}.Debug|x86.ActiveCfg = Debug|Any CPU
		{85FFE38F-9C88-4BF2-AEE3-F7E2624A6A35}.Debug|x86.Build.0 = Debug|Any CPU
		{85FFE38F-9C88-4BF2-AEE3-F7E2624A6A35}.Release|Any CPU.ActiveCfg = Release|Any CPU
		{85FFE38F-9C88-4BF2-AEE3-F7E2624A6A35}.Release|Any CPU.Build.0 = Release|Any CPU
		{85FFE38F-9C88-4BF2-AEE3-F7E2624A6A35}.Release|x86.ActiveCfg = Release|Any CPU
		{85FFE38F-9C88-4BF2-AEE3-F7E2624A6A35}.Release|x86.Build.0 = Release|Any CPU
	EndGlobalSection
	GlobalSection(SolutionProperties) = preSolution
		HideSolutionNode = FALSE
	EndGlobalSection
	GlobalSection(ExtensibilityGlobals) = postSolution
		SolutionGuid = {D5232573-15BF-43B1-9117-7C23AF609B30}
	EndGlobalSection
EndGlobal
